// !$*UTF8*$!
{
	archiveVersion = 1;
	classes = {
	};
	objectVersion = 46;
	objects = {

/* Begin PBXBuildFile section */
		EE088B221C9FE5790072DF4E /* AddDeckViewControllerTests.swift in Sources */ = {isa = PBXBuildFile; fileRef = EE088B211C9FE5790072DF4E /* AddDeckViewControllerTests.swift */; };
		EE088B241C9FE6440072DF4E /* AddDeckViewController.swift in Sources */ = {isa = PBXBuildFile; fileRef = EE088B231C9FE6440072DF4E /* AddDeckViewController.swift */; };
		EE088B281C9FE9AF0072DF4E /* NavigationRouterTests.swift in Sources */ = {isa = PBXBuildFile; fileRef = EE088B271C9FE9AF0072DF4E /* NavigationRouterTests.swift */; };
		EE088B2A1C9FEA1A0072DF4E /* NavigationRouter.swift in Sources */ = {isa = PBXBuildFile; fileRef = EE088B291C9FEA1A0072DF4E /* NavigationRouter.swift */; };
		EE0FF6051CCCBF1200144FE5 /* ExtensionsForTest.swift in Sources */ = {isa = PBXBuildFile; fileRef = EE0FF6041CCCBF1200144FE5 /* ExtensionsForTest.swift */; };
		EE3558F81CA6CC2C00094122 /* Router.swift in Sources */ = {isa = PBXBuildFile; fileRef = EE3558F71CA6CC2C00094122 /* Router.swift */; };
		EE3558FA1CA6CC4400094122 /* FakeNavigationRouter.swift in Sources */ = {isa = PBXBuildFile; fileRef = EE3558F91CA6CC4400094122 /* FakeNavigationRouter.swift */; };
		EE3614FD1CD35910007EA6EC /* PureLayout.framework in Frameworks */ = {isa = PBXBuildFile; fileRef = EE3614FC1CD35910007EA6EC /* PureLayout.framework */; };
		EE3614FE1CD35D4B007EA6EC /* PureLayout.framework in Frameworks */ = {isa = PBXBuildFile; fileRef = EE3614FC1CD35910007EA6EC /* PureLayout.framework */; };
		EE6792651C959A5000D344F2 /* CardTests.swift in Sources */ = {isa = PBXBuildFile; fileRef = EE6792641C959A5000D344F2 /* CardTests.swift */; };
		EE6792671C959AAC00D344F2 /* Card.swift in Sources */ = {isa = PBXBuildFile; fileRef = EE6792661C959AAC00D344F2 /* Card.swift */; };
		EE6792691C95AC6800D344F2 /* DeckListViewControllerTests.swift in Sources */ = {isa = PBXBuildFile; fileRef = EE6792681C95AC6800D344F2 /* DeckListViewControllerTests.swift */; };
		EE67926B1C95AC8500D344F2 /* DeckListViewController.swift in Sources */ = {isa = PBXBuildFile; fileRef = EE67926A1C95AC8500D344F2 /* DeckListViewController.swift */; };
		EE70F6A61C94177B00EE23D3 /* Assets.xcassets in Resources */ = {isa = PBXBuildFile; fileRef = EE70F6A01C94177B00EE23D3 /* Assets.xcassets */; };
		EE70F6A71C94177B00EE23D3 /* AppDelegate.swift in Sources */ = {isa = PBXBuildFile; fileRef = EE70F6A21C94177B00EE23D3 /* AppDelegate.swift */; };
		EE70F6A81C94177B00EE23D3 /* LaunchScreen.storyboard in Resources */ = {isa = PBXBuildFile; fileRef = EE70F6A31C94177B00EE23D3 /* LaunchScreen.storyboard */; };
		EE70F6B01C958DE400EE23D3 /* Deck.swift in Sources */ = {isa = PBXBuildFile; fileRef = EE70F6AF1C958DE400EE23D3 /* Deck.swift */; };
		EE70F6B31C958E3500EE23D3 /* DeckTests.swift in Sources */ = {isa = PBXBuildFile; fileRef = EE70F6B21C958E3500EE23D3 /* DeckTests.swift */; };
		EE7A1C2F1CE73A53007F75D3 /* FakeDeckRepository.swift in Sources */ = {isa = PBXBuildFile; fileRef = EE7A1C2E1CE73A53007F75D3 /* FakeDeckRepository.swift */; };
		EE7A1C311CE73AE7007F75D3 /* PersistedDeckRepository.swift in Sources */ = {isa = PBXBuildFile; fileRef = EE7A1C301CE73AE7007F75D3 /* PersistedDeckRepository.swift */; };
		EE7A1C331CE73C03007F75D3 /* DeckRepository.swift in Sources */ = {isa = PBXBuildFile; fileRef = EE7A1C321CE73C03007F75D3 /* DeckRepository.swift */; };
/* End PBXBuildFile section */

/* Begin PBXContainerItemProxy section */
		EE70F6751C9410F500EE23D3 /* PBXContainerItemProxy */ = {
			isa = PBXContainerItemProxy;
			containerPortal = EE70F6581C9410F500EE23D3 /* Project object */;
			proxyType = 1;
			remoteGlobalIDString = EE70F65F1C9410F500EE23D3;
			remoteInfo = Mabataki;
		};
/* End PBXContainerItemProxy section */

/* Begin PBXFileReference section */
		EE088B211C9FE5790072DF4E /* AddDeckViewControllerTests.swift */ = {isa = PBXFileReference; fileEncoding = 4; lastKnownFileType = sourcecode.swift; path = AddDeckViewControllerTests.swift; sourceTree = "<group>"; };
		EE088B231C9FE6440072DF4E /* AddDeckViewController.swift */ = {isa = PBXFileReference; fileEncoding = 4; lastKnownFileType = sourcecode.swift; path = AddDeckViewController.swift; sourceTree = "<group>"; };
		EE088B271C9FE9AF0072DF4E /* NavigationRouterTests.swift */ = {isa = PBXFileReference; fileEncoding = 4; lastKnownFileType = sourcecode.swift; path = NavigationRouterTests.swift; sourceTree = "<group>"; };
		EE088B291C9FEA1A0072DF4E /* NavigationRouter.swift */ = {isa = PBXFileReference; fileEncoding = 4; lastKnownFileType = sourcecode.swift; path = NavigationRouter.swift; sourceTree = "<group>"; };
		EE0FF6041CCCBF1200144FE5 /* ExtensionsForTest.swift */ = {isa = PBXFileReference; fileEncoding = 4; lastKnownFileType = sourcecode.swift; path = ExtensionsForTest.swift; sourceTree = "<group>"; };
		EE3558F71CA6CC2C00094122 /* Router.swift */ = {isa = PBXFileReference; fileEncoding = 4; lastKnownFileType = sourcecode.swift; path = Router.swift; sourceTree = "<group>"; };
		EE3558F91CA6CC4400094122 /* FakeNavigationRouter.swift */ = {isa = PBXFileReference; fileEncoding = 4; lastKnownFileType = sourcecode.swift; path = FakeNavigationRouter.swift; sourceTree = "<group>"; };
		EE3614FC1CD35910007EA6EC /* PureLayout.framework */ = {isa = PBXFileReference; lastKnownFileType = wrapper.framework; name = PureLayout.framework; path = Carthage/Build/iOS/PureLayout.framework; sourceTree = SOURCE_ROOT; };
		EE6792641C959A5000D344F2 /* CardTests.swift */ = {isa = PBXFileReference; fileEncoding = 4; lastKnownFileType = sourcecode.swift; path = CardTests.swift; sourceTree = "<group>"; };
		EE6792661C959AAC00D344F2 /* Card.swift */ = {isa = PBXFileReference; fileEncoding = 4; lastKnownFileType = sourcecode.swift; path = Card.swift; sourceTree = "<group>"; };
		EE6792681C95AC6800D344F2 /* DeckListViewControllerTests.swift */ = {isa = PBXFileReference; fileEncoding = 4; lastKnownFileType = sourcecode.swift; path = DeckListViewControllerTests.swift; sourceTree = "<group>"; };
		EE67926A1C95AC8500D344F2 /* DeckListViewController.swift */ = {isa = PBXFileReference; fileEncoding = 4; lastKnownFileType = sourcecode.swift; path = DeckListViewController.swift; sourceTree = "<group>"; };
		EE70F6601C9410F500EE23D3 /* Mabataki.app */ = {isa = PBXFileReference; explicitFileType = wrapper.application; includeInIndex = 0; path = Mabataki.app; sourceTree = BUILT_PRODUCTS_DIR; };
		EE70F6741C9410F500EE23D3 /* MabatakiTests.xctest */ = {isa = PBXFileReference; explicitFileType = wrapper.cfbundle; includeInIndex = 0; path = MabatakiTests.xctest; sourceTree = BUILT_PRODUCTS_DIR; };
		EE70F67A1C9410F500EE23D3 /* Info.plist */ = {isa = PBXFileReference; lastKnownFileType = text.plist.xml; path = Info.plist; sourceTree = "<group>"; };
		EE70F6A01C94177B00EE23D3 /* Assets.xcassets */ = {isa = PBXFileReference; lastKnownFileType = folder.assetcatalog; path = Assets.xcassets; sourceTree = "<group>"; };
		EE70F6A21C94177B00EE23D3 /* AppDelegate.swift */ = {isa = PBXFileReference; fileEncoding = 4; lastKnownFileType = sourcecode.swift; path = AppDelegate.swift; sourceTree = "<group>"; };
		EE70F6A41C94177B00EE23D3 /* Base */ = {isa = PBXFileReference; lastKnownFileType = file.storyboard; name = Base; path = Base.lproj/LaunchScreen.storyboard; sourceTree = "<group>"; };
		EE70F6A51C94177B00EE23D3 /* Info.plist */ = {isa = PBXFileReference; fileEncoding = 4; lastKnownFileType = text.plist.xml; path = Info.plist; sourceTree = "<group>"; };
		EE70F6AF1C958DE400EE23D3 /* Deck.swift */ = {isa = PBXFileReference; fileEncoding = 4; lastKnownFileType = sourcecode.swift; path = Deck.swift; sourceTree = "<group>"; };
		EE70F6B21C958E3500EE23D3 /* DeckTests.swift */ = {isa = PBXFileReference; fileEncoding = 4; lastKnownFileType = sourcecode.swift; path = DeckTests.swift; sourceTree = "<group>"; };
		EE7A1C2E1CE73A53007F75D3 /* FakeDeckRepository.swift */ = {isa = PBXFileReference; fileEncoding = 4; lastKnownFileType = sourcecode.swift; path = FakeDeckRepository.swift; sourceTree = "<group>"; };
		EE7A1C301CE73AE7007F75D3 /* PersistedDeckRepository.swift */ = {isa = PBXFileReference; fileEncoding = 4; lastKnownFileType = sourcecode.swift; path = PersistedDeckRepository.swift; sourceTree = "<group>"; };
		EE7A1C321CE73C03007F75D3 /* DeckRepository.swift */ = {isa = PBXFileReference; fileEncoding = 4; lastKnownFileType = sourcecode.swift; path = DeckRepository.swift; sourceTree = "<group>"; };
/* End PBXFileReference section */

/* Begin PBXFrameworksBuildPhase section */
		EE70F65D1C9410F500EE23D3 /* Frameworks */ = {
			isa = PBXFrameworksBuildPhase;
			buildActionMask = 2147483647;
			files = (
				EE3614FE1CD35D4B007EA6EC /* PureLayout.framework in Frameworks */,
			);
			runOnlyForDeploymentPostprocessing = 0;
		};
		EE70F6711C9410F500EE23D3 /* Frameworks */ = {
			isa = PBXFrameworksBuildPhase;
			buildActionMask = 2147483647;
			files = (
				EE3614FD1CD35910007EA6EC /* PureLayout.framework in Frameworks */,
			);
			runOnlyForDeploymentPostprocessing = 0;
		};
/* End PBXFrameworksBuildPhase section */

/* Begin PBXGroup section */
		EE088B251C9FE9540072DF4E /* Navigation */ = {
			isa = PBXGroup;
			children = (
				EE088B271C9FE9AF0072DF4E /* NavigationRouterTests.swift */,
				EE3558F91CA6CC4400094122 /* FakeNavigationRouter.swift */,
			);
			path = Navigation;
			sourceTree = "<group>";
		};
		EE088B261C9FE95F0072DF4E /* Navigation */ = {
			isa = PBXGroup;
			children = (
				EE088B291C9FEA1A0072DF4E /* NavigationRouter.swift */,
				EE3558F71CA6CC2C00094122 /* Router.swift */,
			);
			path = Navigation;
			sourceTree = "<group>";
		};
		EE0FF6091CCCD1C900144FE5 /* Frameworks */ = {
			isa = PBXGroup;
			children = (
				EE3614FC1CD35910007EA6EC /* PureLayout.framework */,
			);
			name = Frameworks;
			path = Mabataki/Frameworks;
			sourceTree = "<group>";
		};
		EE70F6571C9410F500EE23D3 = {
			isa = PBXGroup;
			children = (
				EE0FF6091CCCD1C900144FE5 /* Frameworks */,
				EE70F6621C9410F500EE23D3 /* Mabataki */,
				EE70F6771C9410F500EE23D3 /* MabatakiTests */,
				EE70F6611C9410F500EE23D3 /* Products */,
			);
			sourceTree = "<group>";
		};
		EE70F6611C9410F500EE23D3 /* Products */ = {
			isa = PBXGroup;
			children = (
				EE70F6601C9410F500EE23D3 /* Mabataki.app */,
				EE70F6741C9410F500EE23D3 /* MabatakiTests.xctest */,
			);
			name = Products;
			sourceTree = "<group>";
		};
		EE70F6621C9410F500EE23D3 /* Mabataki */ = {
			isa = PBXGroup;
			children = (
				EE70F6AB1C958DA100EE23D3 /* Components */,
				EE70F69F1C94177B00EE23D3 /* Resources */,
				EE70F6A11C94177B00EE23D3 /* Application */,
			);
			path = Mabataki;
			sourceTree = "<group>";
		};
		EE70F6771C9410F500EE23D3 /* MabatakiTests */ = {
			isa = PBXGroup;
			children = (
				EE70F6AD1C958DAB00EE23D3 /* Components */,
				EE70F67A1C9410F500EE23D3 /* Info.plist */,
				EE0FF6041CCCBF1200144FE5 /* ExtensionsForTest.swift */,
			);
			path = MabatakiTests;
			sourceTree = "<group>";
		};
		EE70F69F1C94177B00EE23D3 /* Resources */ = {
			isa = PBXGroup;
			children = (
				EE70F6A01C94177B00EE23D3 /* Assets.xcassets */,
			);
			path = Resources;
			sourceTree = "<group>";
		};
		EE70F6A11C94177B00EE23D3 /* Application */ = {
			isa = PBXGroup;
			children = (
				EE70F6A21C94177B00EE23D3 /* AppDelegate.swift */,
				EE70F6A31C94177B00EE23D3 /* LaunchScreen.storyboard */,
				EE70F6A51C94177B00EE23D3 /* Info.plist */,
			);
			path = Application;
			sourceTree = "<group>";
		};
		EE70F6AB1C958DA100EE23D3 /* Components */ = {
			isa = PBXGroup;
			children = (
				EE70F6AC1C958DA100EE23D3 /* Deck */,
				EE088B261C9FE95F0072DF4E /* Navigation */,
			);
			path = Components;
			sourceTree = "<group>";
		};
		EE70F6AC1C958DA100EE23D3 /* Deck */ = {
			isa = PBXGroup;
			children = (
				EE70F6AF1C958DE400EE23D3 /* Deck.swift */,
				EE6792661C959AAC00D344F2 /* Card.swift */,
				EE67926A1C95AC8500D344F2 /* DeckListViewController.swift */,
				EE088B231C9FE6440072DF4E /* AddDeckViewController.swift */,
				EE7A1C301CE73AE7007F75D3 /* PersistedDeckRepository.swift */,
				EE7A1C321CE73C03007F75D3 /* DeckRepository.swift */,
			);
			path = Deck;
			sourceTree = "<group>";
		};
		EE70F6AD1C958DAB00EE23D3 /* Components */ = {
			isa = PBXGroup;
			children = (
				EE70F6AE1C958DAB00EE23D3 /* Deck */,
				EE088B251C9FE9540072DF4E /* Navigation */,
			);
			path = Components;
			sourceTree = "<group>";
		};
		EE70F6AE1C958DAB00EE23D3 /* Deck */ = {
			isa = PBXGroup;
			children = (
				EE70F6B21C958E3500EE23D3 /* DeckTests.swift */,
				EE6792641C959A5000D344F2 /* CardTests.swift */,
				EE6792681C95AC6800D344F2 /* DeckListViewControllerTests.swift */,
				EE088B211C9FE5790072DF4E /* AddDeckViewControllerTests.swift */,
				EE7A1C2E1CE73A53007F75D3 /* FakeDeckRepository.swift */,
			);
			path = Deck;
			sourceTree = "<group>";
		};
/* End PBXGroup section */

/* Begin PBXNativeTarget section */
		EE70F65F1C9410F500EE23D3 /* Mabataki */ = {
			isa = PBXNativeTarget;
			buildConfigurationList = EE70F6881C9410F500EE23D3 /* Build configuration list for PBXNativeTarget "Mabataki" */;
			buildPhases = (
				EE70F65C1C9410F500EE23D3 /* Sources */,
				EE70F65D1C9410F500EE23D3 /* Frameworks */,
				EE70F65E1C9410F500EE23D3 /* Resources */,
				EE0FF6081CCCD15B00144FE5 /* ShellScript */,
			);
			buildRules = (
			);
			dependencies = (
			);
			name = Mabataki;
			productName = Mabataki;
			productReference = EE70F6601C9410F500EE23D3 /* Mabataki.app */;
			productType = "com.apple.product-type.application";
		};
		EE70F6731C9410F500EE23D3 /* MabatakiTests */ = {
			isa = PBXNativeTarget;
			buildConfigurationList = EE70F68B1C9410F500EE23D3 /* Build configuration list for PBXNativeTarget "MabatakiTests" */;
			buildPhases = (
				EE70F6701C9410F500EE23D3 /* Sources */,
				EE70F6711C9410F500EE23D3 /* Frameworks */,
				EE70F6721C9410F500EE23D3 /* Resources */,
				EE407AE11CCCDB48003DF104 /* ShellScript */,
			);
			buildRules = (
			);
			dependencies = (
				EE70F6761C9410F500EE23D3 /* PBXTargetDependency */,
			);
			name = MabatakiTests;
			productName = MabatakiTests;
			productReference = EE70F6741C9410F500EE23D3 /* MabatakiTests.xctest */;
			productType = "com.apple.product-type.bundle.unit-test";
		};
/* End PBXNativeTarget section */

/* Begin PBXProject section */
		EE70F6581C9410F500EE23D3 /* Project object */ = {
			isa = PBXProject;
			attributes = {
				LastSwiftUpdateCheck = 0720;
				LastUpgradeCheck = 0720;
				ORGANIZATIONNAME = "Hunter Kyle Gearhart";
				TargetAttributes = {
					EE70F65F1C9410F500EE23D3 = {
						CreatedOnToolsVersion = 7.2;
					};
					EE70F6731C9410F500EE23D3 = {
						CreatedOnToolsVersion = 7.2;
						TestTargetID = EE70F65F1C9410F500EE23D3;
					};
				};
			};
			buildConfigurationList = EE70F65B1C9410F500EE23D3 /* Build configuration list for PBXProject "Mabataki" */;
			compatibilityVersion = "Xcode 3.2";
			developmentRegion = English;
			hasScannedForEncodings = 0;
			knownRegions = (
				en,
				Base,
			);
			mainGroup = EE70F6571C9410F500EE23D3;
			productRefGroup = EE70F6611C9410F500EE23D3 /* Products */;
			projectDirPath = "";
			projectRoot = "";
			targets = (
				EE70F65F1C9410F500EE23D3 /* Mabataki */,
				EE70F6731C9410F500EE23D3 /* MabatakiTests */,
			);
		};
/* End PBXProject section */

/* Begin PBXResourcesBuildPhase section */
		EE70F65E1C9410F500EE23D3 /* Resources */ = {
			isa = PBXResourcesBuildPhase;
			buildActionMask = 2147483647;
			files = (
				EE70F6A81C94177B00EE23D3 /* LaunchScreen.storyboard in Resources */,
				EE70F6A61C94177B00EE23D3 /* Assets.xcassets in Resources */,
			);
			runOnlyForDeploymentPostprocessing = 0;
		};
		EE70F6721C9410F500EE23D3 /* Resources */ = {
			isa = PBXResourcesBuildPhase;
			buildActionMask = 2147483647;
			files = (
			);
			runOnlyForDeploymentPostprocessing = 0;
		};
/* End PBXResourcesBuildPhase section */

/* Begin PBXShellScriptBuildPhase section */
		EE0FF6081CCCD15B00144FE5 /* ShellScript */ = {
			isa = PBXShellScriptBuildPhase;
			buildActionMask = 2147483647;
			files = (
			);
			inputPaths = (
				"$(SRCROOT)/Carthage/Build/iOS/PureLayout.framework",
			);
			outputPaths = (
			);
			runOnlyForDeploymentPostprocessing = 0;
			shellPath = /bin/sh;
			shellScript = "/usr/local/bin/carthage copy-frameworks";
		};
		EE407AE11CCCDB48003DF104 /* ShellScript */ = {
			isa = PBXShellScriptBuildPhase;
			buildActionMask = 2147483647;
			files = (
			);
			inputPaths = (
				"$(SRCROOT)/Carthage/Build/iOS/PureLayout.framework",
			);
			outputPaths = (
			);
			runOnlyForDeploymentPostprocessing = 0;
			shellPath = /bin/sh;
			shellScript = "/usr/local/bin/carthage copy-frameworks";
		};
/* End PBXShellScriptBuildPhase section */

/* Begin PBXSourcesBuildPhase section */
		EE70F65C1C9410F500EE23D3 /* Sources */ = {
			isa = PBXSourcesBuildPhase;
			buildActionMask = 2147483647;
			files = (
				EE70F6B01C958DE400EE23D3 /* Deck.swift in Sources */,
				EE088B241C9FE6440072DF4E /* AddDeckViewController.swift in Sources */,
				EE7A1C331CE73C03007F75D3 /* DeckRepository.swift in Sources */,
				EE7A1C311CE73AE7007F75D3 /* PersistedDeckRepository.swift in Sources */,
				EE088B2A1C9FEA1A0072DF4E /* NavigationRouter.swift in Sources */,
				EE3558F81CA6CC2C00094122 /* Router.swift in Sources */,
				EE67926B1C95AC8500D344F2 /* DeckListViewController.swift in Sources */,
				EE6792671C959AAC00D344F2 /* Card.swift in Sources */,
				EE70F6A71C94177B00EE23D3 /* AppDelegate.swift in Sources */,
			);
			runOnlyForDeploymentPostprocessing = 0;
		};
		EE70F6701C9410F500EE23D3 /* Sources */ = {
			isa = PBXSourcesBuildPhase;
			buildActionMask = 2147483647;
			files = (
				EE70F6B31C958E3500EE23D3 /* DeckTests.swift in Sources */,
				EE7A1C2F1CE73A53007F75D3 /* FakeDeckRepository.swift in Sources */,
				EE088B221C9FE5790072DF4E /* AddDeckViewControllerTests.swift in Sources */,
				EE6792651C959A5000D344F2 /* CardTests.swift in Sources */,
				EE088B281C9FE9AF0072DF4E /* NavigationRouterTests.swift in Sources */,
				EE6792691C95AC6800D344F2 /* DeckListViewControllerTests.swift in Sources */,
				EE3558FA1CA6CC4400094122 /* FakeNavigationRouter.swift in Sources */,
				EE0FF6051CCCBF1200144FE5 /* ExtensionsForTest.swift in Sources */,
			);
			runOnlyForDeploymentPostprocessing = 0;
		};
/* End PBXSourcesBuildPhase section */

/* Begin PBXTargetDependency section */
		EE70F6761C9410F500EE23D3 /* PBXTargetDependency */ = {
			isa = PBXTargetDependency;
			target = EE70F65F1C9410F500EE23D3 /* Mabataki */;
			targetProxy = EE70F6751C9410F500EE23D3 /* PBXContainerItemProxy */;
		};
/* End PBXTargetDependency section */

/* Begin PBXVariantGroup section */
		EE70F6A31C94177B00EE23D3 /* LaunchScreen.storyboard */ = {
			isa = PBXVariantGroup;
			children = (
				EE70F6A41C94177B00EE23D3 /* Base */,
			);
			name = LaunchScreen.storyboard;
			sourceTree = "<group>";
		};
/* End PBXVariantGroup section */

/* Begin XCBuildConfiguration section */
		EE70F6861C9410F500EE23D3 /* Debug */ = {
			isa = XCBuildConfiguration;
			buildSettings = {
				ALWAYS_SEARCH_USER_PATHS = NO;
				CLANG_CXX_LANGUAGE_STANDARD = "gnu++0x";
				CLANG_CXX_LIBRARY = "libc++";
				CLANG_ENABLE_MODULES = YES;
				CLANG_ENABLE_OBJC_ARC = YES;
				CLANG_WARN_BOOL_CONVERSION = YES;
				CLANG_WARN_CONSTANT_CONVERSION = YES;
				CLANG_WARN_DIRECT_OBJC_ISA_USAGE = YES_ERROR;
				CLANG_WARN_EMPTY_BODY = YES;
				CLANG_WARN_ENUM_CONVERSION = YES;
				CLANG_WARN_INT_CONVERSION = YES;
				CLANG_WARN_OBJC_ROOT_CLASS = YES_ERROR;
				CLANG_WARN_UNREACHABLE_CODE = YES;
				CLANG_WARN__DUPLICATE_METHOD_MATCH = YES;
				"CODE_SIGN_IDENTITY[sdk=iphoneos*]" = "iPhone Developer";
				COPY_PHASE_STRIP = NO;
				DEBUG_INFORMATION_FORMAT = dwarf;
				ENABLE_STRICT_OBJC_MSGSEND = YES;
				ENABLE_TESTABILITY = YES;
				GCC_C_LANGUAGE_STANDARD = gnu99;
				GCC_DYNAMIC_NO_PIC = NO;
				GCC_NO_COMMON_BLOCKS = YES;
				GCC_OPTIMIZATION_LEVEL = 0;
				GCC_PREPROCESSOR_DEFINITIONS = (
					"DEBUG=1",
					"$(inherited)",
				);
				GCC_WARN_64_TO_32_BIT_CONVERSION = YES;
				GCC_WARN_ABOUT_RETURN_TYPE = YES_ERROR;
				GCC_WARN_UNDECLARED_SELECTOR = YES;
				GCC_WARN_UNINITIALIZED_AUTOS = YES_AGGRESSIVE;
				GCC_WARN_UNUSED_FUNCTION = YES;
				GCC_WARN_UNUSED_VARIABLE = YES;
				IPHONEOS_DEPLOYMENT_TARGET = 9.2;
				MTL_ENABLE_DEBUG_INFO = YES;
				ONLY_ACTIVE_ARCH = YES;
				SDKROOT = iphoneos;
				SWIFT_OPTIMIZATION_LEVEL = "-Onone";
			};
			name = Debug;
		};
		EE70F6871C9410F500EE23D3 /* Release */ = {
			isa = XCBuildConfiguration;
			buildSettings = {
				ALWAYS_SEARCH_USER_PATHS = NO;
				CLANG_CXX_LANGUAGE_STANDARD = "gnu++0x";
				CLANG_CXX_LIBRARY = "libc++";
				CLANG_ENABLE_MODULES = YES;
				CLANG_ENABLE_OBJC_ARC = YES;
				CLANG_WARN_BOOL_CONVERSION = YES;
				CLANG_WARN_CONSTANT_CONVERSION = YES;
				CLANG_WARN_DIRECT_OBJC_ISA_USAGE = YES_ERROR;
				CLANG_WARN_EMPTY_BODY = YES;
				CLANG_WARN_ENUM_CONVERSION = YES;
				CLANG_WARN_INT_CONVERSION = YES;
				CLANG_WARN_OBJC_ROOT_CLASS = YES_ERROR;
				CLANG_WARN_UNREACHABLE_CODE = YES;
				CLANG_WARN__DUPLICATE_METHOD_MATCH = YES;
				"CODE_SIGN_IDENTITY[sdk=iphoneos*]" = "iPhone Developer";
				COPY_PHASE_STRIP = NO;
				DEBUG_INFORMATION_FORMAT = "dwarf-with-dsym";
				ENABLE_NS_ASSERTIONS = NO;
				ENABLE_STRICT_OBJC_MSGSEND = YES;
				GCC_C_LANGUAGE_STANDARD = gnu99;
				GCC_NO_COMMON_BLOCKS = YES;
				GCC_WARN_64_TO_32_BIT_CONVERSION = YES;
				GCC_WARN_ABOUT_RETURN_TYPE = YES_ERROR;
				GCC_WARN_UNDECLARED_SELECTOR = YES;
				GCC_WARN_UNINITIALIZED_AUTOS = YES_AGGRESSIVE;
				GCC_WARN_UNUSED_FUNCTION = YES;
				GCC_WARN_UNUSED_VARIABLE = YES;
				IPHONEOS_DEPLOYMENT_TARGET = 9.2;
				MTL_ENABLE_DEBUG_INFO = NO;
				SDKROOT = iphoneos;
				VALIDATE_PRODUCT = YES;
			};
			name = Release;
		};
		EE70F6891C9410F500EE23D3 /* Debug */ = {
			isa = XCBuildConfiguration;
			buildSettings = {
				ASSETCATALOG_COMPILER_APPICON_NAME = AppIcon;
				FRAMEWORK_SEARCH_PATHS = (
					"$(inherited)",
					"$(PROJECT_DIR)/Carthage/Build/iOS",
				);
				INFOPLIST_FILE = Mabataki/Application/Info.plist;
				LD_RUNPATH_SEARCH_PATHS = "$(inherited) @executable_path/Frameworks";
				PRODUCT_BUNDLE_IDENTIFIER = com.kyle.gearhart.Mabataki;
				PRODUCT_NAME = "$(TARGET_NAME)";
			};
			name = Debug;
		};
		EE70F68A1C9410F500EE23D3 /* Release */ = {
			isa = XCBuildConfiguration;
			buildSettings = {
				ASSETCATALOG_COMPILER_APPICON_NAME = AppIcon;
				FRAMEWORK_SEARCH_PATHS = (
					"$(inherited)",
					"$(PROJECT_DIR)/Carthage/Build/iOS",
				);
				INFOPLIST_FILE = Mabataki/Application/Info.plist;
				LD_RUNPATH_SEARCH_PATHS = "$(inherited) @executable_path/Frameworks";
				PRODUCT_BUNDLE_IDENTIFIER = com.kyle.gearhart.Mabataki;
				PRODUCT_NAME = "$(TARGET_NAME)";
			};
			name = Release;
		};
		EE70F68C1C9410F500EE23D3 /* Debug */ = {
			isa = XCBuildConfiguration;
			buildSettings = {
				BUNDLE_LOADER = "$(TEST_HOST)";
				CLANG_ENABLE_MODULES = YES;
				FRAMEWORK_SEARCH_PATHS = (
					"$(inherited)",
					"$(PROJECT_DIR)/Carthage/Build/iOS",
				);
				INFOPLIST_FILE = MabatakiTests/Info.plist;
				LD_RUNPATH_SEARCH_PATHS = "$(inherited) @executable_path/Frameworks @loader_path/Frameworks";
				PRODUCT_BUNDLE_IDENTIFIER = com.kyle.gearhart.MabatakiTests;
				PRODUCT_NAME = "$(TARGET_NAME)";
				SWIFT_OBJC_BRIDGING_HEADER = "";
				SWIFT_OPTIMIZATION_LEVEL = "-Onone";
				TEST_HOST = "$(BUILT_PRODUCTS_DIR)/Mabataki.app/Mabataki";
			};
			name = Debug;
		};
		EE70F68D1C9410F500EE23D3 /* Release */ = {
			isa = XCBuildConfiguration;
			buildSettings = {
				BUNDLE_LOADER = "$(TEST_HOST)";
				CLANG_ENABLE_MODULES = YES;
				FRAMEWORK_SEARCH_PATHS = (
					"$(inherited)",
					"$(PROJECT_DIR)/Carthage/Build/iOS",
				);
				INFOPLIST_FILE = MabatakiTests/Info.plist;
				LD_RUNPATH_SEARCH_PATHS = "$(inherited) @executable_path/Frameworks @loader_path/Frameworks";
				PRODUCT_BUNDLE_IDENTIFIER = com.kyle.gearhart.MabatakiTests;
				PRODUCT_NAME = "$(TARGET_NAME)";
				SWIFT_OBJC_BRIDGING_HEADER = "";
				TEST_HOST = "$(BUILT_PRODUCTS_DIR)/Mabataki.app/Mabataki";
			};
			name = Release;
		};
/* End XCBuildConfiguration section */

/* Begin XCConfigurationList section */
		EE70F65B1C9410F500EE23D3 /* Build configuration list for PBXProject "Mabataki" */ = {
			isa = XCConfigurationList;
			buildConfigurations = (
				EE70F6861C9410F500EE23D3 /* Debug */,
				EE70F6871C9410F500EE23D3 /* Release */,
			);
			defaultConfigurationIsVisible = 0;
			defaultConfigurationName = Release;
		};
		EE70F6881C9410F500EE23D3 /* Build configuration list for PBXNativeTarget "Mabataki" */ = {
			isa = XCConfigurationList;
			buildConfigurations = (
				EE70F6891C9410F500EE23D3 /* Debug */,
				EE70F68A1C9410F500EE23D3 /* Release */,
			);
			defaultConfigurationIsVisible = 0;
			defaultConfigurationName = Release;
		};
		EE70F68B1C9410F500EE23D3 /* Build configuration list for PBXNativeTarget "MabatakiTests" */ = {
			isa = XCConfigurationList;
			buildConfigurations = (
				EE70F68C1C9410F500EE23D3 /* Debug */,
				EE70F68D1C9410F500EE23D3 /* Release */,
			);
			defaultConfigurationIsVisible = 0;
			defaultConfigurationName = Release;
		};
/* End XCConfigurationList section */
	};
	rootObject = EE70F6581C9410F500EE23D3 /* Project object */;
}
